
Microsoft Visual Studio Solution File, Format Version 12.00
# Visual Studio Version 17
VisualStudioVersion = 17.2.32630.192
MinimumVisualStudioVersion = 10.0.40219.1
Project("{D954291E-2A0B-460D-934E-DC6B0785DB48}") = "TooltipService.Shared", "TooltipService\TooltipService.Shared\TooltipService.Shared.shproj", "{6279C845-92F8-4333-AB99-3D213163593C}"
EndProject
Project("{2150E333-8FDC-42A3-9474-1A3956D46DE8}") = "Platforms", "Platforms", "{22FD133C-CB5D-4E96-A27F-9A98B8825CA5}"
EndProject
Project("{FAE04EC0-301F-11D3-BF4B-00C04F79EFBC}") = "TooltipService.UWP", "TooltipService\TooltipService.UWP\TooltipService.UWP.csproj", "{6465238A-E383-48DE-8AFB-C6D973112A77}"
EndProject
Project("{FAE04EC0-301F-11D3-BF4B-00C04F79EFBC}") = "TooltipService.Wasm", "TooltipService\TooltipService.Wasm\TooltipService.Wasm.csproj", "{85955878-A54A-45DC-8B6C-1D5209A9D937}"
EndProject
Global
	GlobalSection(SolutionConfigurationPlatforms) = preSolution
		Ad-Hoc|Any CPU = Ad-Hoc|Any CPU
		Ad-Hoc|ARM = Ad-Hoc|ARM
		Ad-Hoc|ARM64 = Ad-Hoc|ARM64
		Ad-Hoc|iPhone = Ad-Hoc|iPhone
		Ad-Hoc|iPhoneSimulator = Ad-Hoc|iPhoneSimulator
		Ad-Hoc|x64 = Ad-Hoc|x64
		Ad-Hoc|x86 = Ad-Hoc|x86
		AppStore|Any CPU = AppStore|Any CPU
		AppStore|ARM = AppStore|ARM
		AppStore|ARM64 = AppStore|ARM64
		AppStore|iPhone = AppStore|iPhone
		AppStore|iPhoneSimulator = AppStore|iPhoneSimulator
		AppStore|x64 = AppStore|x64
		AppStore|x86 = AppStore|x86
		Debug|Any CPU = Debug|Any CPU
		Debug|ARM = Debug|ARM
		Debug|ARM64 = Debug|ARM64
		Debug|iPhone = Debug|iPhone
		Debug|iPhoneSimulator = Debug|iPhoneSimulator
		Debug|x64 = Debug|x64
		Debug|x86 = Debug|x86
		Release|Any CPU = Release|Any CPU
		Release|ARM = Release|ARM
		Release|ARM64 = Release|ARM64
		Release|iPhone = Release|iPhone
		Release|iPhoneSimulator = Release|iPhoneSimulator
		Release|x64 = Release|x64
		Release|x86 = Release|x86
	EndGlobalSection
	GlobalSection(ProjectConfigurationPlatforms) = postSolution
		{6465238A-E383-48DE-8AFB-C6D973112A77}.Ad-Hoc|Any CPU.ActiveCfg = Debug|x64
		{6465238A-E383-48DE-8AFB-C6D973112A77}.Ad-Hoc|Any CPU.Build.0 = Debug|x64
		{6465238A-E383-48DE-8AFB-C6D973112A77}.Ad-Hoc|Any CPU.Deploy.0 = Debug|x64
		{6465238A-E383-48DE-8AFB-C6D973112A77}.Ad-Hoc|ARM.ActiveCfg = Debug|ARM
		{6465238A-E383-48DE-8AFB-C6D973112A77}.Ad-Hoc|ARM.Build.0 = Debug|ARM
		{6465238A-E383-48DE-8AFB-C6D973112A77}.Ad-Hoc|ARM.Deploy.0 = Debug|ARM
		{6465238A-E383-48DE-8AFB-C6D973112A77}.Ad-Hoc|ARM64.ActiveCfg = Debug|ARM64
		{6465238A-E383-48DE-8AFB-C6D973112A77}.Ad-Hoc|ARM64.Build.0 = Debug|ARM64
		{6465238A-E383-48DE-8AFB-C6D973112A77}.Ad-Hoc|ARM64.Deploy.0 = Debug|ARM64
		{6465238A-E383-48DE-8AFB-C6D973112A77}.Ad-Hoc|iPhone.ActiveCfg = Debug|x64
		{6465238A-E383-48DE-8AFB-C6D973112A77}.Ad-Hoc|iPhone.Build.0 = Debug|x64
		{6465238A-E383-48DE-8AFB-C6D973112A77}.Ad-Hoc|iPhone.Deploy.0 = Debug|x64
		{6465238A-E383-48DE-8AFB-C6D973112A77}.Ad-Hoc|iPhoneSimulator.ActiveCfg = Debug|x64
		{6465238A-E383-48DE-8AFB-C6D973112A77}.Ad-Hoc|iPhoneSimulator.Build.0 = Debug|x64
		{6465238A-E383-48DE-8AFB-C6D973112A77}.Ad-Hoc|iPhoneSimulator.Deploy.0 = Debug|x64
		{6465238A-E383-48DE-8AFB-C6D973112A77}.Ad-Hoc|x64.ActiveCfg = Debug|x64
		{6465238A-E383-48DE-8AFB-C6D973112A77}.Ad-Hoc|x64.Build.0 = Debug|x64
		{6465238A-E383-48DE-8AFB-C6D973112A77}.Ad-Hoc|x64.Deploy.0 = Debug|x64
		{6465238A-E383-48DE-8AFB-C6D973112A77}.Ad-Hoc|x86.ActiveCfg = Debug|x86
		{6465238A-E383-48DE-8AFB-C6D973112A77}.Ad-Hoc|x86.Build.0 = Debug|x86
		{6465238A-E383-48DE-8AFB-C6D973112A77}.Ad-Hoc|x86.Deploy.0 = Debug|x86
		{6465238A-E383-48DE-8AFB-C6D973112A77}.AppStore|Any CPU.ActiveCfg = Debug|x64
		{6465238A-E383-48DE-8AFB-C6D973112A77}.AppStore|Any CPU.Build.0 = Debug|x64
		{6465238A-E383-48DE-8AFB-C6D973112A77}.AppStore|Any CPU.Deploy.0 = Debug|x64
		{6465238A-E383-48DE-8AFB-C6D973112A77}.AppStore|ARM.ActiveCfg = Debug|ARM
		{6465238A-E383-48DE-8AFB-C6D973112A77}.AppStore|ARM.Build.0 = Debug|ARM
		{6465238A-E383-48DE-8AFB-C6D973112A77}.AppStore|ARM.Deploy.0 = Debug|ARM
		{6465238A-E383-48DE-8AFB-C6D973112A77}.AppStore|ARM64.ActiveCfg = Debug|ARM64
		{6465238A-E383-48DE-8AFB-C6D973112A77}.AppStore|ARM64.Build.0 = Debug|ARM64
		{6465238A-E383-48DE-8AFB-C6D973112A77}.AppStore|ARM64.Deploy.0 = Debug|ARM64
		{6465238A-E383-48DE-8AFB-C6D973112A77}.AppStore|iPhone.ActiveCfg = Debug|x64
		{6465238A-E383-48DE-8AFB-C6D973112A77}.AppStore|iPhone.Build.0 = Debug|x64
		{6465238A-E383-48DE-8AFB-C6D973112A77}.AppStore|iPhone.Deploy.0 = Debug|x64
		{6465238A-E383-48DE-8AFB-C6D973112A77}.AppStore|iPhoneSimulator.ActiveCfg = Debug|x64
		{6465238A-E383-48DE-8AFB-C6D973112A77}.AppStore|iPhoneSimulator.Build.0 = Debug|x64
		{6465238A-E383-48DE-8AFB-C6D973112A77}.AppStore|iPhoneSimulator.Deploy.0 = Debug|x64
		{6465238A-E383-48DE-8AFB-C6D973112A77}.AppStore|x64.ActiveCfg = Debug|x64
		{6465238A-E383-48DE-8AFB-C6D973112A77}.AppStore|x64.Build.0 = Debug|x64
		{6465238A-E383-48DE-8AFB-C6D973112A77}.AppStore|x64.Deploy.0 = Debug|x64
		{6465238A-E383-48DE-8AFB-C6D973112A77}.AppStore|x86.ActiveCfg = Debug|x86
		{6465238A-E383-48DE-8AFB-C6D973112A77}.AppStore|x86.Build.0 = Debug|x86
		{6465238A-E383-48DE-8AFB-C6D973112A77}.AppStore|x86.Deploy.0 = Debug|x86
		{6465238A-E383-48DE-8AFB-C6D973112A77}.Debug|Any CPU.ActiveCfg = Debug|x64
		{6465238A-E383-48DE-8AFB-C6D973112A77}.Debug|Any CPU.Build.0 = Debug|x64
		{6465238A-E383-48DE-8AFB-C6D973112A77}.Debug|Any CPU.Deploy.0 = Debug|x64
		{6465238A-E383-48DE-8AFB-C6D973112A77}.Debug|ARM.ActiveCfg = Debug|ARM
		{6465238A-E383-48DE-8AFB-C6D973112A77}.Debug|ARM.Build.0 = Debug|ARM
		{6465238A-E383-48DE-8AFB-C6D973112A77}.Debug|ARM.Deploy.0 = Debug|ARM
		{6465238A-E383-48DE-8AFB-C6D973112A77}.Debug|ARM64.ActiveCfg = Debug|ARM64
		{6465238A-E383-48DE-8AFB-C6D973112A77}.Debug|ARM64.Build.0 = Debug|ARM64
		{6465238A-E383-48DE-8AFB-C6D973112A77}.Debug|ARM64.Deploy.0 = Debug|ARM64
		{6465238A-E383-48DE-8AFB-C6D973112A77}.Debug|iPhone.ActiveCfg = Debug|x64
		{6465238A-E383-48DE-8AFB-C6D973112A77}.Debug|iPhone.Build.0 = Debug|x64
		{6465238A-E383-48DE-8AFB-C6D973112A77}.Debug|iPhone.Deploy.0 = Debug|x64
		{6465238A-E383-48DE-8AFB-C6D973112A77}.Debug|iPhoneSimulator.ActiveCfg = Debug|x64
		{6465238A-E383-48DE-8AFB-C6D973112A77}.Debug|iPhoneSimulator.Build.0 = Debug|x64
		{6465238A-E383-48DE-8AFB-C6D973112A77}.Debug|iPhoneSimulator.Deploy.0 = Debug|x64
		{6465238A-E383-48DE-8AFB-C6D973112A77}.Debug|x64.ActiveCfg = Debug|x64
		{6465238A-E383-48DE-8AFB-C6D973112A77}.Debug|x64.Build.0 = Debug|x64
		{6465238A-E383-48DE-8AFB-C6D973112A77}.Debug|x64.Deploy.0 = Debug|x64
		{6465238A-E383-48DE-8AFB-C6D973112A77}.Debug|x86.ActiveCfg = Debug|x86
		{6465238A-E383-48DE-8AFB-C6D973112A77}.Debug|x86.Build.0 = Debug|x86
		{6465238A-E383-48DE-8AFB-C6D973112A77}.Debug|x86.Deploy.0 = Debug|x86
		{6465238A-E383-48DE-8AFB-C6D973112A77}.Release|Any CPU.ActiveCfg = Release|x64
		{6465238A-E383-48DE-8AFB-C6D973112A77}.Release|Any CPU.Build.0 = Release|x64
		{6465238A-E383-48DE-8AFB-C6D973112A77}.Release|Any CPU.Deploy.0 = Release|x64
		{6465238A-E383-48DE-8AFB-C6D973112A77}.Release|ARM.ActiveCfg = Release|ARM
		{6465238A-E383-48DE-8AFB-C6D973112A77}.Release|ARM.Build.0 = Release|ARM
		{6465238A-E383-48DE-8AFB-C6D973112A77}.Release|ARM.Deploy.0 = Release|ARM
		{6465238A-E383-48DE-8AFB-C6D973112A77}.Release|ARM64.ActiveCfg = Release|ARM64
		{6465238A-E383-48DE-8AFB-C6D973112A77}.Release|ARM64.Build.0 = Release|ARM64
		{6465238A-E383-48DE-8AFB-C6D973112A77}.Release|ARM64.Deploy.0 = Release|ARM64
		{6465238A-E383-48DE-8AFB-C6D973112A77}.Release|iPhone.ActiveCfg = Release|x64
		{6465238A-E383-48DE-8AFB-C6D973112A77}.Release|iPhone.Build.0 = Release|x64
		{6465238A-E383-48DE-8AFB-C6D973112A77}.Release|iPhone.Deploy.0 = Release|x64
		{6465238A-E383-48DE-8AFB-C6D973112A77}.Release|iPhoneSimulator.ActiveCfg = Release|x64
		{6465238A-E383-48DE-8AFB-C6D973112A77}.Release|iPhoneSimulator.Build.0 = Release|x64
		{6465238A-E383-48DE-8AFB-C6D973112A77}.Release|iPhoneSimulator.Deploy.0 = Release|x64
		{6465238A-E383-48DE-8AFB-C6D973112A77}.Release|x64.ActiveCfg = Release|x64
		{6465238A-E383-48DE-8AFB-C6D973112A77}.Release|x64.Build.0 = Release|x64
		{6465238A-E383-48DE-8AFB-C6D973112A77}.Release|x64.Deploy.0 = Release|x64
		{6465238A-E383-48DE-8AFB-C6D973112A77}.Release|x86.ActiveCfg = Release|x86
		{6465238A-E383-48DE-8AFB-C6D973112A77}.Release|x86.Build.0 = Release|x86
		{6465238A-E383-48DE-8AFB-C6D973112A77}.Release|x86.Deploy.0 = Release|x86
		{85955878-A54A-45DC-8B6C-1D5209A9D937}.Ad-Hoc|Any CPU.ActiveCfg = Debug|Any CPU
		{85955878-A54A-45DC-8B6C-1D5209A9D937}.Ad-Hoc|Any CPU.Build.0 = Debug|Any CPU
		{85955878-A54A-45DC-8B6C-1D5209A9D937}.Ad-Hoc|ARM.ActiveCfg = Debug|Any CPU
		{85955878-A54A-45DC-8B6C-1D5209A9D937}.Ad-Hoc|ARM.Build.0 = Debug|Any CPU
		{85955878-A54A-45DC-8B6C-1D5209A9D937}.Ad-Hoc|ARM64.ActiveCfg = Debug|Any CPU
		{85955878-A54A-45DC-8B6C-1D5209A9D937}.Ad-Hoc|ARM64.Build.0 = Debug|Any CPU
		{85955878-A54A-45DC-8B6C-1D5209A9D937}.Ad-Hoc|iPhone.ActiveCfg = Debug|Any CPU
		{85955878-A54A-45DC-8B6C-1D5209A9D937}.Ad-Hoc|iPhone.Build.0 = Debug|Any CPU
		{85955878-A54A-45DC-8B6C-1D5209A9D937}.Ad-Hoc|iPhoneSimulator.ActiveCfg = Debug|Any CPU
		{85955878-A54A-45DC-8B6C-1D5209A9D937}.Ad-Hoc|iPhoneSimulator.Build.0 = Debug|Any CPU
		{85955878-A54A-45DC-8B6C-1D5209A9D937}.Ad-Hoc|x64.ActiveCfg = Debug|Any CPU
		{85955878-A54A-45DC-8B6C-1D5209A9D937}.Ad-Hoc|x64.Build.0 = Debug|Any CPU
		{85955878-A54A-45DC-8B6C-1D5209A9D937}.Ad-Hoc|x86.ActiveCfg = Debug|Any CPU
		{85955878-A54A-45DC-8B6C-1D5209A9D937}.Ad-Hoc|x86.Build.0 = Debug|Any CPU
		{85955878-A54A-45DC-8B6C-1D5209A9D937}.AppStore|Any CPU.ActiveCfg = Debug|Any CPU
		{85955878-A54A-45DC-8B6C-1D5209A9D937}.AppStore|Any CPU.Build.0 = Debug|Any CPU
		{85955878-A54A-45DC-8B6C-1D5209A9D937}.AppStore|ARM.ActiveCfg = Debug|Any CPU
		{85955878-A54A-45DC-8B6C-1D5209A9D937}.AppStore|ARM.Build.0 = Debug|Any CPU
		{85955878-A54A-45DC-8B6C-1D5209A9D937}.AppStore|ARM64.ActiveCfg = Debug|Any CPU
		{85955878-A54A-45DC-8B6C-1D5209A9D937}.AppStore|ARM64.Build.0 = Debug|Any CPU
		{85955878-A54A-45DC-8B6C-1D5209A9D937}.AppStore|iPhone.ActiveCfg = Debug|Any CPU
		{85955878-A54A-45DC-8B6C-1D5209A9D937}.AppStore|iPhone.Build.0 = Debug|Any CPU
		{85955878-A54A-45DC-8B6C-1D5209A9D937}.AppStore|iPhoneSimulator.ActiveCfg = Debug|Any CPU
		{85955878-A54A-45DC-8B6C-1D5209A9D937}.AppStore|iPhoneSimulator.Build.0 = Debug|Any CPU
		{85955878-A54A-45DC-8B6C-1D5209A9D937}.AppStore|x64.ActiveCfg = Debug|Any CPU
		{85955878-A54A-45DC-8B6C-1D5209A9D937}.AppStore|x64.Build.0 = Debug|Any CPU
		{85955878-A54A-45DC-8B6C-1D5209A9D937}.AppStore|x86.ActiveCfg = Debug|Any CPU
		{85955878-A54A-45DC-8B6C-1D5209A9D937}.AppStore|x86.Build.0 = Debug|Any CPU
		{85955878-A54A-45DC-8B6C-1D5209A9D937}.Debug|Any CPU.ActiveCfg = Debug|Any CPU
		{85955878-A54A-45DC-8B6C-1D5209A9D937}.Debug|Any CPU.Build.0 = Debug|Any CPU
		{85955878-A54A-45DC-8B6C-1D5209A9D937}.Debug|ARM.ActiveCfg = Debug|Any CPU
		{85955878-A54A-45DC-8B6C-1D5209A9D937}.Debug|ARM.Build.0 = Debug|Any CPU
		{85955878-A54A-45DC-8B6C-1D5209A9D937}.Debug|ARM64.ActiveCfg = Debug|Any CPU
		{85955878-A54A-45DC-8B6C-1D5209A9D937}.Debug|ARM64.Build.0 = Debug|Any CPU
		{85955878-A54A-45DC-8B6C-1D5209A9D937}.Debug|iPhone.ActiveCfg = Debug|Any CPU
		{85955878-A54A-45DC-8B6C-1D5209A9D937}.Debug|iPhone.Build.0 = Debug|Any CPU
		{85955878-A54A-45DC-8B6C-1D5209A9D937}.Debug|iPhoneSimulator.ActiveCfg = Debug|Any CPU
		{85955878-A54A-45DC-8B6C-1D5209A9D937}.Debug|iPhoneSimulator.Build.0 = Debug|Any CPU
		{85955878-A54A-45DC-8B6C-1D5209A9D937}.Debug|x64.ActiveCfg = Debug|Any CPU
		{85955878-A54A-45DC-8B6C-1D5209A9D937}.Debug|x64.Build.0 = Debug|Any CPU
		{85955878-A54A-45DC-8B6C-1D5209A9D937}.Debug|x86.ActiveCfg = Debug|Any CPU
		{85955878-A54A-45DC-8B6C-1D5209A9D937}.Debug|x86.Build.0 = Debug|Any CPU
		{85955878-A54A-45DC-8B6C-1D5209A9D937}.Release|Any CPU.ActiveCfg = Release|Any CPU
		{85955878-A54A-45DC-8B6C-1D5209A9D937}.Release|Any CPU.Build.0 = Release|Any CPU
		{85955878-A54A-45DC-8B6C-1D5209A9D937}.Release|ARM.ActiveCfg = Release|Any CPU
		{85955878-A54A-45DC-8B6C-1D5209A9D937}.Release|ARM.Build.0 = Release|Any CPU
		{85955878-A54A-45DC-8B6C-1D5209A9D937}.Release|ARM64.ActiveCfg = Release|Any CPU
		{85955878-A54A-45DC-8B6C-1D5209A9D937}.Release|ARM64.Build.0 = Release|Any CPU
		{85955878-A54A-45DC-8B6C-1D5209A9D937}.Release|iPhone.ActiveCfg = Release|Any CPU
		{85955878-A54A-45DC-8B6C-1D5209A9D937}.Release|iPhone.Build.0 = Release|Any CPU
		{85955878-A54A-45DC-8B6C-1D5209A9D937}.Release|iPhoneSimulator.ActiveCfg = Release|Any CPU
		{85955878-A54A-45DC-8B6C-1D5209A9D937}.Release|iPhoneSimulator.Build.0 = Release|Any CPU
		{85955878-A54A-45DC-8B6C-1D5209A9D937}.Release|x64.ActiveCfg = Release|Any CPU
		{85955878-A54A-45DC-8B6C-1D5209A9D937}.Release|x64.Build.0 = Release|Any CPU
		{85955878-A54A-45DC-8B6C-1D5209A9D937}.Release|x86.ActiveCfg = Release|Any CPU
		{85955878-A54A-45DC-8B6C-1D5209A9D937}.Release|x86.Build.0 = Release|Any CPU
	EndGlobalSection
	GlobalSection(SolutionProperties) = preSolution
		HideSolutionNode = FALSE
	EndGlobalSection
	GlobalSection(NestedProjects) = preSolution
		{6465238A-E383-48DE-8AFB-C6D973112A77} = {22FD133C-CB5D-4E96-A27F-9A98B8825CA5}
		{85955878-A54A-45DC-8B6C-1D5209A9D937} = {22FD133C-CB5D-4E96-A27F-9A98B8825CA5}
	EndGlobalSection
	GlobalSection(ExtensibilityGlobals) = postSolution
		SolutionGuid = {233F6FCA-0DF0-49CE-9114-EB723E76EC6B}
	EndGlobalSection
	GlobalSection(SharedMSBuildProjectFiles) = preSolution
		TooltipService\TooltipService.Shared\TooltipService.Shared.projitems*{6279c845-92f8-4333-ab99-3d213163593c}*SharedItemsImports = 13
		TooltipService\TooltipService.Shared\TooltipService.Shared.projitems*{6465238a-e383-48de-8afb-c6d973112a77}*SharedItemsImports = 4
		TooltipService\TooltipService.Shared\TooltipService.Shared.projitems*{85955878-a54a-45dc-8b6c-1d5209a9d937}*SharedItemsImports = 5
	EndGlobalSection
EndGlobal
